# env.lock — pinned runtime for RUN-001 (D-004 lightweight repro bundle)
python==3.11.8
numpy==1.26.4
scipy==1.13.0
scikit-learn==1.4.2
PyWavelets==1.6.0
kymatio==0.3.0            # wavelet-scattering, used by the statistic-swap probe
torch==2.3.0+cu121
cuda==12.1
platform==linux-x86_64
gpu==A100-40GB
